// !$*UTF8*$!
{
	archiveVersion = 1;
	classes = {
	};
	objectVersion = 46;
	objects = {

/* Begin PBXBuildFile section */
		37BF78681AEDBA7100E3E0CE /* AppDelegate.swift in Sources */ = {isa = PBXBuildFile; fileRef = 37BF78671AEDBA7100E3E0CE /* AppDelegate.swift */; };
		37BF786A1AEDBA7100E3E0CE /* ViewController.swift in Sources */ = {isa = PBXBuildFile; fileRef = 37BF78691AEDBA7100E3E0CE /* ViewController.swift */; };
		37BF786F1AEDBA7100E3E0CE /* Images.xcassets in Resources */ = {isa = PBXBuildFile; fileRef = 37BF786E1AEDBA7100E3E0CE /* Images.xcassets */; };
		37BF78721AEDBA7100E3E0CE /* LaunchScreen.xib in Resources */ = {isa = PBXBuildFile; fileRef = 37BF78701AEDBA7100E3E0CE /* LaunchScreen.xib */; };
		37BF787E1AEDBA7100E3E0CE /* JenniferjwongTests.swift in Sources */ = {isa = PBXBuildFile; fileRef = 37BF787D1AEDBA7100E3E0CE /* JenniferjwongTests.swift */; };
		37BF78881AEDBAC100E3E0CE /* AboutViewController.swift in Sources */ = {isa = PBXBuildFile; fileRef = 37BF78871AEDBAC100E3E0CE /* AboutViewController.swift */; };
		37BF788A1AEDBACE00E3E0CE /* HomeViewController.swift in Sources */ = {isa = PBXBuildFile; fileRef = 37BF78891AEDBACE00E3E0CE /* HomeViewController.swift */; };
		37BF788C1AEDBAF500E3E0CE /* Main.storyboard in Resources */ = {isa = PBXBuildFile; fileRef = 37BF788B1AEDBAF500E3E0CE /* Main.storyboard */; };
/* End PBXBuildFile section */

/* Begin PBXContainerItemProxy section */
		37BF78781AEDBA7100E3E0CE /* PBXContainerItemProxy */ = {
			isa = PBXContainerItemProxy;
			containerPortal = 37BF785A1AEDBA7100E3E0CE /* Project object */;
			proxyType = 1;
			remoteGlobalIDString = 37BF78611AEDBA7100E3E0CE;
			remoteInfo = Jenniferjwong;
		};
/* End PBXContainerItemProxy section */

/* Begin PBXFileReference section */
		37BF78621AEDBA7100E3E0CE /* Jenniferjwong.app */ = {isa = PBXFileReference; explicitFileType = wrapper.application; includeInIndex = 0; path = Jenniferjwong.app; sourceTree = BUILT_PRODUCTS_DIR; };
		37BF78661AEDBA7100E3E0CE /* Info.plist */ = {isa = PBXFileReference; lastKnownFileType = text.plist.xml; path = Info.plist; sourceTree = "<group>"; };
		37BF78671AEDBA7100E3E0CE /* AppDelegate.swift */ = {isa = PBXFileReference; lastKnownFileType = sourcecode.swift; path = AppDelegate.swift; sourceTree = "<group>"; };
		37BF78691AEDBA7100E3E0CE /* ViewController.swift */ = {isa = PBXFileReference; lastKnownFileType = sourcecode.swift; path = ViewController.swift; sourceTree = "<group>"; };
		37BF786E1AEDBA7100E3E0CE /* Images.xcassets */ = {isa = PBXFileReference; lastKnownFileType = folder.assetcatalog; path = Images.xcassets; sourceTree = "<group>"; };
		37BF78711AEDBA7100E3E0CE /* Base */ = {isa = PBXFileReference; lastKnownFileType = file.xib; name = Base; path = Base.lproj/LaunchScreen.xib; sourceTree = "<group>"; };
		37BF78771AEDBA7100E3E0CE /* JenniferjwongTests.xctest */ = {isa = PBXFileReference; explicitFileType = wrapper.cfbundle; includeInIndex = 0; path = JenniferjwongTests.xctest; sourceTree = BUILT_PRODUCTS_DIR; };
		37BF787C1AEDBA7100E3E0CE /* Info.plist */ = {isa = PBXFileReference; lastKnownFileType = text.plist.xml; path = Info.plist; sourceTree = "<group>"; };
		37BF787D1AEDBA7100E3E0CE /* JenniferjwongTests.swift */ = {isa = PBXFileReference; lastKnownFileType = sourcecode.swift; path = JenniferjwongTests.swift; sourceTree = "<group>"; };
		37BF78871AEDBAC100E3E0CE /* AboutViewController.swift */ = {isa = PBXFileReference; fileEncoding = 4; lastKnownFileType = sourcecode.swift; path = AboutViewController.swift; sourceTree = "<group>"; };
		37BF78891AEDBACE00E3E0CE /* HomeViewController.swift */ = {isa = PBXFileReference; fileEncoding = 4; lastKnownFileType = sourcecode.swift; path = HomeViewController.swift; sourceTree = "<group>"; };
		37BF788B1AEDBAF500E3E0CE /* Main.storyboard */ = {isa = PBXFileReference; fileEncoding = 4; lastKnownFileType = file.storyboard; path = Main.storyboard; sourceTree = "<group>"; };
/* End PBXFileReference section */

/* Begin PBXFrameworksBuildPhase section */
		37BF785F1AEDBA7100E3E0CE /* Frameworks */ = {
			isa = PBXFrameworksBuildPhase;
			buildActionMask = 2147483647;
			files = (
			);
			runOnlyForDeploymentPostprocessing = 0;
		};
		37BF78741AEDBA7100E3E0CE /* Frameworks */ = {
			isa = PBXFrameworksBuildPhase;
			buildActionMask = 2147483647;
			files = (
			);
			runOnlyForDeploymentPostprocessing = 0;
		};
/* End PBXFrameworksBuildPhase section */

/* Begin PBXGroup section */
		37BF78591AEDBA7100E3E0CE = {
			isa = PBXGroup;
			children = (
				37BF78641AEDBA7100E3E0CE /* Jenniferjwong */,
				37BF787A1AEDBA7100E3E0CE /* JenniferjwongTests */,
				37BF78631AEDBA7100E3E0CE /* Products */,
			);
			sourceTree = "<group>";
		};
		37BF78631AEDBA7100E3E0CE /* Products */ = {
			isa = PBXGroup;
			children = (
				37BF78621AEDBA7100E3E0CE /* Jenniferjwong.app */,
				37BF78771AEDBA7100E3E0CE /* JenniferjwongTests.xctest */,
			);
			name = Products;
			sourceTree = "<group>";
		};
		37BF78641AEDBA7100E3E0CE /* Jenniferjwong */ = {
			isa = PBXGroup;
			children = (
				37BF78671AEDBA7100E3E0CE /* AppDelegate.swift */,
				37BF78691AEDBA7100E3E0CE /* ViewController.swift */,
				37BF78871AEDBAC100E3E0CE /* AboutViewController.swift */,
				37BF788B1AEDBAF500E3E0CE /* Main.storyboard */,
				37BF786E1AEDBA7100E3E0CE /* Images.xcassets */,
				37BF78701AEDBA7100E3E0CE /* LaunchScreen.xib */,
				37BF78651AEDBA7100E3E0CE /* Supporting Files */,
			);
			path = Jenniferjwong;
			sourceTree = "<group>";
		};
		37BF78651AEDBA7100E3E0CE /* Supporting Files */ = {
			isa = PBXGroup;
			children = (
				37BF78661AEDBA7100E3E0CE /* Info.plist */,
			);
			name = "Supporting Files";
			sourceTree = "<group>";
		};
		37BF787A1AEDBA7100E3E0CE /* JenniferjwongTests */ = {
			isa = PBXGroup;
			children = (
				37BF787D1AEDBA7100E3E0CE /* JenniferjwongTests.swift */,
				37BF78891AEDBACE00E3E0CE /* HomeViewController.swift */,
				37BF787B1AEDBA7100E3E0CE /* Supporting Files */,
			);
			path = JenniferjwongTests;
			sourceTree = "<group>";
		};
		37BF787B1AEDBA7100E3E0CE /* Supporting Files */ = {
			isa = PBXGroup;
			children = (
				37BF787C1AEDBA7100E3E0CE /* Info.plist */,
			);
			name = "Supporting Files";
			sourceTree = "<group>";
		};
/* End PBXGroup section */

/* Begin PBXNativeTarget section */
		37BF78611AEDBA7100E3E0CE /* Jenniferjwong */ = {
			isa = PBXNativeTarget;
			buildConfigurationList = 37BF78811AEDBA7100E3E0CE /* Build configuration list for PBXNativeTarget "Jenniferjwong" */;
			buildPhases = (
				37BF785E1AEDBA7100E3E0CE /* Sources */,
				37BF785F1AEDBA7100E3E0CE /* Frameworks */,
				37BF78601AEDBA7100E3E0CE /* Resources */,
			);
			buildRules = (
			);
			dependencies = (
			);
			name = Jenniferjwong;
			productName = Jenniferjwong;
			productReference = 37BF78621AEDBA7100E3E0CE /* Jenniferjwong.app */;
			productType = "com.apple.product-type.application";
		};
		37BF78761AEDBA7100E3E0CE /* JenniferjwongTests */ = {
			isa = PBXNativeTarget;
			buildConfigurationList = 37BF78841AEDBA7100E3E0CE /* Build configuration list for PBXNativeTarget "JenniferjwongTests" */;
			buildPhases = (
				37BF78731AEDBA7100E3E0CE /* Sources */,
				37BF78741AEDBA7100E3E0CE /* Frameworks */,
				37BF78751AEDBA7100E3E0CE /* Resources */,
			);
			buildRules = (
			);
			dependencies = (
				37BF78791AEDBA7100E3E0CE /* PBXTargetDependency */,
			);
			name = JenniferjwongTests;
			productName = JenniferjwongTests;
			productReference = 37BF78771AEDBA7100E3E0CE /* JenniferjwongTests.xctest */;
			productType = "com.apple.product-type.bundle.unit-test";
		};
/* End PBXNativeTarget section */

/* Begin PBXProject section */
		37BF785A1AEDBA7100E3E0CE /* Project object */ = {
			isa = PBXProject;
			attributes = {
				LastSwiftUpdateCheck = 0700;
				LastUpgradeCheck = 0630;
				ORGANIZATIONNAME = "Jen Wong";
				TargetAttributes = {
					37BF78611AEDBA7100E3E0CE = {
						CreatedOnToolsVersion = 6.3;
					};
					37BF78761AEDBA7100E3E0CE = {
						CreatedOnToolsVersion = 6.3;
						TestTargetID = 37BF78611AEDBA7100E3E0CE;
					};
				};
			};
			buildConfigurationList = 37BF785D1AEDBA7100E3E0CE /* Build configuration list for PBXProject "Jenniferjwong" */;
			compatibilityVersion = "Xcode 3.2";
			developmentRegion = English;
			hasScannedForEncodings = 0;
			knownRegions = (
				en,
				Base,
			);
			mainGroup = 37BF78591AEDBA7100E3E0CE;
			productRefGroup = 37BF78631AEDBA7100E3E0CE /* Products */;
			projectDirPath = "";
			projectRoot = "";
			targets = (
				37BF78611AEDBA7100E3E0CE /* Jenniferjwong */,
				37BF78761AEDBA7100E3E0CE /* JenniferjwongTests */,
			);
		};
/* End PBXProject section */

/* Begin PBXResourcesBuildPhase section */
		37BF78601AEDBA7100E3E0CE /* Resources */ = {
			isa = PBXResourcesBuildPhase;
			buildActionMask = 2147483647;
			files = (
				37BF78721AEDBA7100E3E0CE /* LaunchScreen.xib in Resources */,
				37BF786F1AEDBA7100E3E0CE /* Images.xcassets in Resources */,
				37BF788C1AEDBAF500E3E0CE /* Main.storyboard in Resources */,
			);
			runOnlyForDeploymentPostprocessing = 0;
		};
		37BF78751AEDBA7100E3E0CE /* Resources */ = {
			isa = PBXResourcesBuildPhase;
			buildActionMask = 2147483647;
			files = (
			);
			runOnlyForDeploymentPostprocessing = 0;
		};
/* End PBXResourcesBuildPhase section */

/* Begin PBXSourcesBuildPhase section */
		37BF785E1AEDBA7100E3E0CE /* Sources */ = {
			isa = PBXSourcesBuildPhase;
			buildActionMask = 2147483647;
			files = (
				37BF78881AEDBAC100E3E0CE /* AboutViewController.swift in Sources */,
				37BF786A1AEDBA7100E3E0CE /* ViewController.swift in Sources */,
				37BF78681AEDBA7100E3E0CE /* AppDelegate.swift in Sources */,
			);
			runOnlyForDeploymentPostprocessing = 0;
		};
		37BF78731AEDBA7100E3E0CE /* Sources */ = {
			isa = PBXSourcesBuildPhase;
			buildActionMask = 2147483647;
			files = (
				37BF787E1AEDBA7100E3E0CE /* JenniferjwongTests.swift in Sources */,
				37BF788A1AEDBACE00E3E0CE /* HomeViewController.swift in Sources */,
			);
			runOnlyForDeploymentPostprocessing = 0;
		};
/* End PBXSourcesBuildPhase section */

/* Begin PBXTargetDependency section */
		37BF78791AEDBA7100E3E0CE /* PBXTargetDependency */ = {
			isa = PBXTargetDependency;
			target = 37BF78611AEDBA7100E3E0CE /* Jenniferjwong */;
			targetProxy = 37BF78781AEDBA7100E3E0CE /* PBXContainerItemProxy */;
		};
/* End PBXTargetDependency section */

/* Begin PBXVariantGroup section */
		37BF78701AEDBA7100E3E0CE /* LaunchScreen.xib */ = {
			isa = PBXVariantGroup;
			children = (
				37BF78711AEDBA7100E3E0CE /* Base */,
			);
			name = LaunchScreen.xib;
			sourceTree = "<group>";
		};
/* End PBXVariantGroup section */

/* Begin XCBuildConfiguration section */
		37BF787F1AEDBA7100E3E0CE /* Debug */ = {
			isa = XCBuildConfiguration;
			buildSettings = {
				ALWAYS_SEARCH_USER_PATHS = NO;
				CLANG_CXX_LANGUAGE_STANDARD = "gnu++0x";
				CLANG_CXX_LIBRARY = "libc++";
				CLANG_ENABLE_MODULES = YES;
				CLANG_ENABLE_OBJC_ARC = YES;
				CLANG_WARN_BOOL_CONVERSION = YES;
				CLANG_WARN_CONSTANT_CONVERSION = YES;
				CLANG_WARN_DIRECT_OBJC_ISA_USAGE = YES_ERROR;
				CLANG_WARN_EMPTY_BODY = YES;
				CLANG_WARN_ENUM_CONVERSION = YES;
				CLANG_WARN_INT_CONVERSION = YES;
				CLANG_WARN_OBJC_ROOT_CLASS = YES_ERROR;
				CLANG_WARN_UNREACHABLE_CODE = YES;
				CLANG_WARN__DUPLICATE_METHOD_MATCH = YES;
				"CODE_SIGN_IDENTITY[sdk=iphoneos*]" = "iPhone Developer";
				COPY_PHASE_STRIP = NO;
				DEBUG_INFORMATION_FORMAT = "dwarf-with-dsym";
				ENABLE_STRICT_OBJC_MSGSEND = YES;
				GCC_C_LANGUAGE_STANDARD = gnu99;
				GCC_DYNAMIC_NO_PIC = NO;
				GCC_NO_COMMON_BLOCKS = YES;
				GCC_OPTIMIZATION_LEVEL = 0;
				GCC_PREPROCESSOR_DEFINITIONS = (
					"DEBUG=1",
					"$(inherited)",
				);
				GCC_SYMBOLS_PRIVATE_EXTERN = NO;
				GCC_WARN_64_TO_32_BIT_CONVERSION = YES;
				GCC_WARN_ABOUT_RETURN_TYPE = YES_ERROR;
				GCC_WARN_UNDECLARED_SELECTOR = YES;
				GCC_WARN_UNINITIALIZED_AUTOS = YES_AGGRESSIVE;
				GCC_WARN_UNUSED_FUNCTION = YES;
				GCC_WARN_UNUSED_VARIABLE = YES;
				IPHONEOS_DEPLOYMENT_TARGET = 8.3;
				MTL_ENABLE_DEBUG_INFO = YES;
				ONLY_ACTIVE_ARCH = YES;
				SDKROOT = iphoneos;
				SWIFT_OPTIMIZATION_LEVEL = "-Onone";
			};
			name = Debug;
		};
		37BF78801AEDBA7100E3E0CE /* Release */ = {
			isa = XCBuildConfiguration;
			buildSettings = {
				ALWAYS_SEARCH_USER_PATHS = NO;
				CLANG_CXX_LANGUAGE_STANDARD = "gnu++0x";
				CLANG_CXX_LIBRARY = "libc++";
				CLANG_ENABLE_MODULES = YES;
				CLANG_ENABLE_OBJC_ARC = YES;
				CLANG_WARN_BOOL_CONVERSION = YES;
				CLANG_WARN_CONSTANT_CONVERSION = YES;
				CLANG_WARN_DIRECT_OBJC_ISA_USAGE = YES_ERROR;
				CLANG_WARN_EMPTY_BODY = YES;
				CLANG_WARN_ENUM_CONVERSION = YES;
				CLANG_WARN_INT_CONVERSION = YES;
				CLANG_WARN_OBJC_ROOT_CLASS = YES_ERROR;
				CLANG_WARN_UNREACHABLE_CODE = YES;
				CLANG_WARN__DUPLICATE_METHOD_MATCH = YES;
				"CODE_SIGN_IDENTITY[sdk=iphoneos*]" = "iPhone Developer";
				COPY_PHASE_STRIP = NO;
				DEBUG_INFORMATION_FORMAT = "dwarf-with-dsym";
				ENABLE_NS_ASSERTIONS = NO;
				ENABLE_STRICT_OBJC_MSGSEND = YES;
				GCC_C_LANGUAGE_STANDARD = gnu99;
				GCC_NO_COMMON_BLOCKS = YES;
				GCC_WARN_64_TO_32_BIT_CONVERSION = YES;
				GCC_WARN_ABOUT_RETURN_TYPE = YES_ERROR;
				GCC_WARN_UNDECLARED_SELECTOR = YES;
				GCC_WARN_UNINITIALIZED_AUTOS = YES_AGGRESSIVE;
				GCC_WARN_UNUSED_FUNCTION = YES;
				GCC_WARN_UNUSED_VARIABLE = YES;
				IPHONEOS_DEPLOYMENT_TARGET = 8.3;
				MTL_ENABLE_DEBUG_INFO = NO;
				SDKROOT = iphoneos;
				VALIDATE_PRODUCT = YES;
			};
			name = Release;
		};
		37BF78821AEDBA7100E3E0CE /* Debug */ = {
			isa = XCBuildConfiguration;
			buildSettings = {
				ASSETCATALOG_COMPILER_APPICON_NAME = AppIcon;
				INFOPLIST_FILE = Jenniferjwong/Info.plist;
				LD_RUNPATH_SEARCH_PATHS = "$(inherited) @executable_path/Frameworks";
				PRODUCT_NAME = "$(TARGET_NAME)";
			};
			name = Debug;
		};
		37BF78831AEDBA7100E3E0CE /* Release */ = {
			isa = XCBuildConfiguration;
			buildSettings = {
				ASSETCATALOG_COMPILER_APPICON_NAME = AppIcon;
				INFOPLIST_FILE = Jenniferjwong/Info.plist;
				LD_RUNPATH_SEARCH_PATHS = "$(inherited) @executable_path/Frameworks";
				PRODUCT_NAME = "$(TARGET_NAME)";
			};
			name = Release;
		};
		37BF78851AEDBA7100E3E0CE /* Debug */ = {
			isa = XCBuildConfiguration;
			buildSettings = {
				BUNDLE_LOADER = "$(TEST_HOST)";
				FRAMEWORK_SEARCH_PATHS = (
					"$(SDKROOT)/Developer/Library/Frameworks",
					"$(inherited)",
				);
				GCC_PREPROCESSOR_DEFINITIONS = (
					"DEBUG=1",
					"$(inherited)",
				);
				INFOPLIST_FILE = JenniferjwongTests/Info.plist;
				LD_RUNPATH_SEARCH_PATHS = "$(inherited) @executable_path/Frameworks @loader_path/Frameworks";
				PRODUCT_NAME = "$(TARGET_NAME)";
				TEST_HOST = "$(BUILT_PRODUCTS_DIR)/Jenniferjwong.app/Jenniferjwong";
			};
			name = Debug;
		};
		37BF78861AEDBA7100E3E0CE /* Release */ = {
			isa = XCBuildConfiguration;
			buildSettings = {
				BUNDLE_LOADER = "$(TEST_HOST)";
				FRAMEWORK_SEARCH_PATHS = (
					"$(SDKROOT)/Developer/Library/Frameworks",
					"$(inherited)",
				);
				INFOPLIST_FILE = JenniferjwongTests/Info.plist;
				LD_RUNPATH_SEARCH_PATHS = "$(inherited) @executable_path/Frameworks @loader_path/Frameworks";
				PRODUCT_NAME = "$(TARGET_NAME)";
				TEST_HOST = "$(BUILT_PRODUCTS_DIR)/Jenniferjwong.app/Jenniferjwong";
			};
			name = Release;
		};
/* End XCBuildConfiguration section */

/* Begin XCConfigurationList section */
		37BF785D1AEDBA7100E3E0CE /* Build configuration list for PBXProject "Jenniferjwong" */ = {
			isa = XCConfigurationList;
			buildConfigurations = (
				37BF787F1AEDBA7100E3E0CE /* Debug */,
				37BF78801AEDBA7100E3E0CE /* Release */,
			);
			defaultConfigurationIsVisible = 0;
			defaultConfigurationName = Release;
		};
		37BF78811AEDBA7100E3E0CE /* Build configuration list for PBXNativeTarget "Jenniferjwong" */ = {
			isa = XCConfigurationList;
			buildConfigurations = (
				37BF78821AEDBA7100E3E0CE /* Debug */,
				37BF78831AEDBA7100E3E0CE /* Release */,
			);
			defaultConfigurationIsVisible = 0;
			defaultConfigurationName = Release;
		};
		37BF78841AEDBA7100E3E0CE /* Build configuration list for PBXNativeTarget "JenniferjwongTests" */ = {
			isa = XCConfigurationList;
			buildConfigurations = (
				37BF78851AEDBA7100E3E0CE /* Debug */,
				37BF78861AEDBA7100E3E0CE /* Release */,
			);
			defaultConfigurationIsVisible = 0;
			defaultConfigurationName = Release;
		};
/* End XCConfigurationList section */
	};
	rootObject = 37BF785A1AEDBA7100E3E0CE /* Project object */;
}
